// !$*UTF8*$!
{
	archiveVersion = 1;
	classes = {
	};
	objectVersion = 51;
	objects = {

/* Begin PBXBuildFile section */
		5802F29224C0DF30007128EA /* PlacePicturePickerViewController.m in Sources */ = {isa = PBXBuildFile; fileRef = 5802F29124C0DF30007128EA /* PlacePicturePickerViewController.m */; };
		5802F29524C0E111007128EA /* PostPlaceViewController.m in Sources */ = {isa = PBXBuildFile; fileRef = 5802F29424C0E111007128EA /* PostPlaceViewController.m */; };
		5802F29B24C0FFC8007128EA /* Place.m in Sources */ = {isa = PBXBuildFile; fileRef = 5802F29A24C0FFC8007128EA /* Place.m */; };
		5802F29E24C2150A007128EA /* SpotPostCell.m in Sources */ = {isa = PBXBuildFile; fileRef = 5802F29D24C2150A007128EA /* SpotPostCell.m */; };
		5802F2A124C215A5007128EA /* SpotPicturePickerViewController.m in Sources */ = {isa = PBXBuildFile; fileRef = 5802F2A024C215A5007128EA /* SpotPicturePickerViewController.m */; };
		5802F2A424C22746007128EA /* SpotPlacePickerViewController.m in Sources */ = {isa = PBXBuildFile; fileRef = 5802F2A324C22746007128EA /* SpotPlacePickerViewController.m */; };
		5802F2A724C247EF007128EA /* PlaceInfoCell.m in Sources */ = {isa = PBXBuildFile; fileRef = 5802F2A624C247EF007128EA /* PlaceInfoCell.m */; };
		5802F2AA24C25F25007128EA /* PostSpotViewController.m in Sources */ = {isa = PBXBuildFile; fileRef = 5802F2A924C25F25007128EA /* PostSpotViewController.m */; };
		5802F2AD24C25F43007128EA /* Spot.m in Sources */ = {isa = PBXBuildFile; fileRef = 5802F2AC24C25F43007128EA /* Spot.m */; };
		580EAE5424D09DBD000CBFD4 /* PlaceViewController.m in Sources */ = {isa = PBXBuildFile; fileRef = 580EAE5324D09DBD000CBFD4 /* PlaceViewController.m */; };
		580EAE5724D0A548000CBFD4 /* ActivityViewController.m in Sources */ = {isa = PBXBuildFile; fileRef = 580EAE5624D0A548000CBFD4 /* ActivityViewController.m */; };
		580EAE5A24D0A574000CBFD4 /* ActivityCell.m in Sources */ = {isa = PBXBuildFile; fileRef = 580EAE5924D0A574000CBFD4 /* ActivityCell.m */; };
		580EAE7E24D21645000CBFD4 /* SaveCell.m in Sources */ = {isa = PBXBuildFile; fileRef = 580EAE7D24D21645000CBFD4 /* SaveCell.m */; };
		580EAE8124D34D09000CBFD4 /* ProfilePlacesViewController.m in Sources */ = {isa = PBXBuildFile; fileRef = 580EAE8024D34D09000CBFD4 /* ProfilePlacesViewController.m */; };
		580EAE8424D34D1D000CBFD4 /* ProfileSavesViewController.m in Sources */ = {isa = PBXBuildFile; fileRef = 580EAE8324D34D1D000CBFD4 /* ProfileSavesViewController.m */; };
		580EAE8724D4A57D000CBFD4 /* ChangeAddressViewController.m in Sources */ = {isa = PBXBuildFile; fileRef = 580EAE8624D4A57D000CBFD4 /* ChangeAddressViewController.m */; };
		580EAE8A24D4A765000CBFD4 /* ChangeProfilePicViewController.m in Sources */ = {isa = PBXBuildFile; fileRef = 580EAE8924D4A765000CBFD4 /* ChangeProfilePicViewController.m */; };
		580EAE8D24D4A8EF000CBFD4 /* ChangeBioViewController.m in Sources */ = {isa = PBXBuildFile; fileRef = 580EAE8C24D4A8EF000CBFD4 /* ChangeBioViewController.m */; };
		580EAE9024D4A9C7000CBFD4 /* ChangeUsernameViewController.m in Sources */ = {isa = PBXBuildFile; fileRef = 580EAE8F24D4A9C7000CBFD4 /* ChangeUsernameViewController.m */; };
		580EAE9324D4AA99000CBFD4 /* ChangeNameViewController.m in Sources */ = {isa = PBXBuildFile; fileRef = 580EAE9224D4AA99000CBFD4 /* ChangeNameViewController.m */; };
		58A33E8024BF666100A40188 /* AppDelegate.m in Sources */ = {isa = PBXBuildFile; fileRef = 58A33E7F24BF666100A40188 /* AppDelegate.m */; };
		58A33E8324BF666100A40188 /* SceneDelegate.m in Sources */ = {isa = PBXBuildFile; fileRef = 58A33E8224BF666100A40188 /* SceneDelegate.m */; };
		58A33E8924BF666100A40188 /* Main.storyboard in Resources */ = {isa = PBXBuildFile; fileRef = 58A33E8724BF666100A40188 /* Main.storyboard */; };
		58A33E8B24BF666200A40188 /* Assets.xcassets in Resources */ = {isa = PBXBuildFile; fileRef = 58A33E8A24BF666200A40188 /* Assets.xcassets */; };
		58A33E8E24BF666200A40188 /* LaunchScreen.storyboard in Resources */ = {isa = PBXBuildFile; fileRef = 58A33E8C24BF666200A40188 /* LaunchScreen.storyboard */; };
		58A33E9124BF666200A40188 /* main.m in Sources */ = {isa = PBXBuildFile; fileRef = 58A33E9024BF666200A40188 /* main.m */; };
		58A33E9B24BF666200A40188 /* LocalTests.m in Sources */ = {isa = PBXBuildFile; fileRef = 58A33E9A24BF666200A40188 /* LocalTests.m */; };
		58A33EA624BF666200A40188 /* LocalUITests.m in Sources */ = {isa = PBXBuildFile; fileRef = 58A33EA524BF666200A40188 /* LocalUITests.m */; };
		58A33EB624BF684B00A40188 /* SignUpViewController.m in Sources */ = {isa = PBXBuildFile; fileRef = 58A33EB524BF684B00A40188 /* SignUpViewController.m */; };
		58A33EB924BF685600A40188 /* LogInViewController.m in Sources */ = {isa = PBXBuildFile; fileRef = 58A33EB824BF685600A40188 /* LogInViewController.m */; };
		58A33F1A24BFBAF800A40188 /* SettingsViewController.m in Sources */ = {isa = PBXBuildFile; fileRef = 58A33F1924BFBAF800A40188 /* SettingsViewController.m */; };
		58ACBDAF24C6294600066301 /* PlaceCell.m in Sources */ = {isa = PBXBuildFile; fileRef = 58ACBDAE24C6294600066301 /* PlaceCell.m */; };
		58ACBDB224C62A2300066301 /* ProfileViewController.m in Sources */ = {isa = PBXBuildFile; fileRef = 58ACBDB124C62A2300066301 /* ProfileViewController.m */; };
		58ACBDB524C6466900066301 /* TimelineViewController.m in Sources */ = {isa = PBXBuildFile; fileRef = 58ACBDB424C6466900066301 /* TimelineViewController.m */; };
		58ACBDB824C646DA00066301 /* TimelineCell.m in Sources */ = {isa = PBXBuildFile; fileRef = 58ACBDB724C646DA00066301 /* TimelineCell.m */; };
		58ACBDBB24C6474500066301 /* TimelinePhotoCell.m in Sources */ = {isa = PBXBuildFile; fileRef = 58ACBDBA24C6474500066301 /* TimelinePhotoCell.m */; };
		58ACBDBE24C8918300066301 /* HomeViewController.m in Sources */ = {isa = PBXBuildFile; fileRef = 58ACBDBD24C8918300066301 /* HomeViewController.m */; };
		58ACBDC124C897E600066301 /* MapViewController.m in Sources */ = {isa = PBXBuildFile; fileRef = 58ACBDC024C897E600066301 /* MapViewController.m */; };
		58ACBDC424C8ECCE00066301 /* ProfilePostsViewController.m in Sources */ = {isa = PBXBuildFile; fileRef = 58ACBDC324C8ECCE00066301 /* ProfilePostsViewController.m */; };
		58ACBDC724CA001E00066301 /* PersonalMapViewController.m in Sources */ = {isa = PBXBuildFile; fileRef = 58ACBDC624CA001E00066301 /* PersonalMapViewController.m */; };
		58ACBDCA24CA072B00066301 /* TakeMeAnywhereSettingsViewController.m in Sources */ = {isa = PBXBuildFile; fileRef = 58ACBDC924CA072B00066301 /* TakeMeAnywhereSettingsViewController.m */; };
		58ACBDCD24CA233200066301 /* RandomSpotViewController.m in Sources */ = {isa = PBXBuildFile; fileRef = 58ACBDCC24CA233200066301 /* RandomSpotViewController.m */; };
		58ACBDD624CF4DDD00066301 /* SearchResultCell.m in Sources */ = {isa = PBXBuildFile; fileRef = 58ACBDD524CF4DDD00066301 /* SearchResultCell.m */; };
		58ACBDDC24CF522D00066301 /* SearchViewController.m in Sources */ = {isa = PBXBuildFile; fileRef = 58ACBDDB24CF522D00066301 /* SearchViewController.m */; };
		58ACBDDF24CF6CA800066301 /* CommentViewController.m in Sources */ = {isa = PBXBuildFile; fileRef = 58ACBDDE24CF6CA800066301 /* CommentViewController.m */; };
		58ACBDE224CF6CC100066301 /* CommentCell.m in Sources */ = {isa = PBXBuildFile; fileRef = 58ACBDE124CF6CC100066301 /* CommentCell.m */; };
		58B3A10524D87B6300A87320 /* SignUpPlaceViewController.m in Sources */ = {isa = PBXBuildFile; fileRef = 58B3A10424D87B6300A87320 /* SignUpPlaceViewController.m */; };
		58CE114724E30B8F0080DCA5 /* TripViewController.m in Sources */ = {isa = PBXBuildFile; fileRef = 58CE114624E30B8F0080DCA5 /* TripViewController.m */; };
		7F34F39C9CAE0EC4AD944212 /* Pods_Local.framework in Frameworks */ = {isa = PBXBuildFile; fileRef = 27CEA1609312324989BEED6F /* Pods_Local.framework */; };
		BBC8E2FAA0A79230E709D48A /* Pods_LocalTests.framework in Frameworks */ = {isa = PBXBuildFile; fileRef = AAEAEBAD45FCC11AA5EC4361 /* Pods_LocalTests.framework */; };
		DC83A2F9EA8931AB2BA57000 /* Pods_Local_LocalUITests.framework in Frameworks */ = {isa = PBXBuildFile; fileRef = E17C76599FE85AC290D47634 /* Pods_Local_LocalUITests.framework */; };
/* End PBXBuildFile section */

/* Begin PBXContainerItemProxy section */
		58A33E9724BF666200A40188 /* PBXContainerItemProxy */ = {
			isa = PBXContainerItemProxy;
			containerPortal = 58A33E7324BF666100A40188 /* Project object */;
			proxyType = 1;
			remoteGlobalIDString = 58A33E7A24BF666100A40188;
			remoteInfo = Local;
		};
		58A33EA224BF666200A40188 /* PBXContainerItemProxy */ = {
			isa = PBXContainerItemProxy;
			containerPortal = 58A33E7324BF666100A40188 /* Project object */;
			proxyType = 1;
			remoteGlobalIDString = 58A33E7A24BF666100A40188;
			remoteInfo = Local;
		};
/* End PBXContainerItemProxy section */

/* Begin PBXFileReference section */
		27CEA1609312324989BEED6F /* Pods_Local.framework */ = {isa = PBXFileReference; explicitFileType = wrapper.framework; includeInIndex = 0; path = Pods_Local.framework; sourceTree = BUILT_PRODUCTS_DIR; };
		5802F29024C0DF30007128EA /* PlacePicturePickerViewController.h */ = {isa = PBXFileReference; lastKnownFileType = sourcecode.c.h; path = PlacePicturePickerViewController.h; sourceTree = "<group>"; };
		5802F29124C0DF30007128EA /* PlacePicturePickerViewController.m */ = {isa = PBXFileReference; lastKnownFileType = sourcecode.c.objc; path = PlacePicturePickerViewController.m; sourceTree = "<group>"; };
		5802F29324C0E111007128EA /* PostPlaceViewController.h */ = {isa = PBXFileReference; lastKnownFileType = sourcecode.c.h; path = PostPlaceViewController.h; sourceTree = "<group>"; };
		5802F29424C0E111007128EA /* PostPlaceViewController.m */ = {isa = PBXFileReference; lastKnownFileType = sourcecode.c.objc; path = PostPlaceViewController.m; sourceTree = "<group>"; };
		5802F29924C0FFC8007128EA /* Place.h */ = {isa = PBXFileReference; lastKnownFileType = sourcecode.c.h; path = Place.h; sourceTree = "<group>"; };
		5802F29A24C0FFC8007128EA /* Place.m */ = {isa = PBXFileReference; lastKnownFileType = sourcecode.c.objc; path = Place.m; sourceTree = "<group>"; };
		5802F29C24C2150A007128EA /* SpotPostCell.h */ = {isa = PBXFileReference; lastKnownFileType = sourcecode.c.h; path = SpotPostCell.h; sourceTree = "<group>"; };
		5802F29D24C2150A007128EA /* SpotPostCell.m */ = {isa = PBXFileReference; lastKnownFileType = sourcecode.c.objc; path = SpotPostCell.m; sourceTree = "<group>"; };
		5802F29F24C215A5007128EA /* SpotPicturePickerViewController.h */ = {isa = PBXFileReference; lastKnownFileType = sourcecode.c.h; path = SpotPicturePickerViewController.h; sourceTree = "<group>"; };
		5802F2A024C215A5007128EA /* SpotPicturePickerViewController.m */ = {isa = PBXFileReference; lastKnownFileType = sourcecode.c.objc; path = SpotPicturePickerViewController.m; sourceTree = "<group>"; };
		5802F2A224C22746007128EA /* SpotPlacePickerViewController.h */ = {isa = PBXFileReference; lastKnownFileType = sourcecode.c.h; path = SpotPlacePickerViewController.h; sourceTree = "<group>"; };
		5802F2A324C22746007128EA /* SpotPlacePickerViewController.m */ = {isa = PBXFileReference; lastKnownFileType = sourcecode.c.objc; path = SpotPlacePickerViewController.m; sourceTree = "<group>"; };
		5802F2A524C247EF007128EA /* PlaceInfoCell.h */ = {isa = PBXFileReference; lastKnownFileType = sourcecode.c.h; path = PlaceInfoCell.h; sourceTree = "<group>"; };
		5802F2A624C247EF007128EA /* PlaceInfoCell.m */ = {isa = PBXFileReference; lastKnownFileType = sourcecode.c.objc; path = PlaceInfoCell.m; sourceTree = "<group>"; };
		5802F2A824C25F25007128EA /* PostSpotViewController.h */ = {isa = PBXFileReference; lastKnownFileType = sourcecode.c.h; path = PostSpotViewController.h; sourceTree = "<group>"; };
		5802F2A924C25F25007128EA /* PostSpotViewController.m */ = {isa = PBXFileReference; lastKnownFileType = sourcecode.c.objc; path = PostSpotViewController.m; sourceTree = "<group>"; };
		5802F2AB24C25F43007128EA /* Spot.h */ = {isa = PBXFileReference; lastKnownFileType = sourcecode.c.h; path = Spot.h; sourceTree = "<group>"; };
		5802F2AC24C25F43007128EA /* Spot.m */ = {isa = PBXFileReference; lastKnownFileType = sourcecode.c.objc; path = Spot.m; sourceTree = "<group>"; };
		580EAE5224D09DBD000CBFD4 /* PlaceViewController.h */ = {isa = PBXFileReference; lastKnownFileType = sourcecode.c.h; path = PlaceViewController.h; sourceTree = "<group>"; };
		580EAE5324D09DBD000CBFD4 /* PlaceViewController.m */ = {isa = PBXFileReference; lastKnownFileType = sourcecode.c.objc; path = PlaceViewController.m; sourceTree = "<group>"; };
		580EAE5524D0A548000CBFD4 /* ActivityViewController.h */ = {isa = PBXFileReference; lastKnownFileType = sourcecode.c.h; path = ActivityViewController.h; sourceTree = "<group>"; };
		580EAE5624D0A548000CBFD4 /* ActivityViewController.m */ = {isa = PBXFileReference; lastKnownFileType = sourcecode.c.objc; path = ActivityViewController.m; sourceTree = "<group>"; };
		580EAE5824D0A574000CBFD4 /* ActivityCell.h */ = {isa = PBXFileReference; lastKnownFileType = sourcecode.c.h; path = ActivityCell.h; sourceTree = "<group>"; };
		580EAE5924D0A574000CBFD4 /* ActivityCell.m */ = {isa = PBXFileReference; lastKnownFileType = sourcecode.c.objc; path = ActivityCell.m; sourceTree = "<group>"; };
		580EAE7C24D21645000CBFD4 /* SaveCell.h */ = {isa = PBXFileReference; lastKnownFileType = sourcecode.c.h; path = SaveCell.h; sourceTree = "<group>"; };
		580EAE7D24D21645000CBFD4 /* SaveCell.m */ = {isa = PBXFileReference; lastKnownFileType = sourcecode.c.objc; path = SaveCell.m; sourceTree = "<group>"; };
		580EAE7F24D34D09000CBFD4 /* ProfilePlacesViewController.h */ = {isa = PBXFileReference; lastKnownFileType = sourcecode.c.h; path = ProfilePlacesViewController.h; sourceTree = "<group>"; };
		580EAE8024D34D09000CBFD4 /* ProfilePlacesViewController.m */ = {isa = PBXFileReference; lastKnownFileType = sourcecode.c.objc; path = ProfilePlacesViewController.m; sourceTree = "<group>"; };
		580EAE8224D34D1D000CBFD4 /* ProfileSavesViewController.h */ = {isa = PBXFileReference; lastKnownFileType = sourcecode.c.h; path = ProfileSavesViewController.h; sourceTree = "<group>"; };
		580EAE8324D34D1D000CBFD4 /* ProfileSavesViewController.m */ = {isa = PBXFileReference; lastKnownFileType = sourcecode.c.objc; path = ProfileSavesViewController.m; sourceTree = "<group>"; };
		580EAE8524D4A57D000CBFD4 /* ChangeAddressViewController.h */ = {isa = PBXFileReference; lastKnownFileType = sourcecode.c.h; path = ChangeAddressViewController.h; sourceTree = "<group>"; };
		580EAE8624D4A57D000CBFD4 /* ChangeAddressViewController.m */ = {isa = PBXFileReference; lastKnownFileType = sourcecode.c.objc; path = ChangeAddressViewController.m; sourceTree = "<group>"; };
		580EAE8824D4A765000CBFD4 /* ChangeProfilePicViewController.h */ = {isa = PBXFileReference; lastKnownFileType = sourcecode.c.h; path = ChangeProfilePicViewController.h; sourceTree = "<group>"; };
		580EAE8924D4A765000CBFD4 /* ChangeProfilePicViewController.m */ = {isa = PBXFileReference; lastKnownFileType = sourcecode.c.objc; path = ChangeProfilePicViewController.m; sourceTree = "<group>"; };
		580EAE8B24D4A8EF000CBFD4 /* ChangeBioViewController.h */ = {isa = PBXFileReference; lastKnownFileType = sourcecode.c.h; path = ChangeBioViewController.h; sourceTree = "<group>"; };
		580EAE8C24D4A8EF000CBFD4 /* ChangeBioViewController.m */ = {isa = PBXFileReference; lastKnownFileType = sourcecode.c.objc; path = ChangeBioViewController.m; sourceTree = "<group>"; };
		580EAE8E24D4A9C7000CBFD4 /* ChangeUsernameViewController.h */ = {isa = PBXFileReference; lastKnownFileType = sourcecode.c.h; path = ChangeUsernameViewController.h; sourceTree = "<group>"; };
		580EAE8F24D4A9C7000CBFD4 /* ChangeUsernameViewController.m */ = {isa = PBXFileReference; lastKnownFileType = sourcecode.c.objc; path = ChangeUsernameViewController.m; sourceTree = "<group>"; };
		580EAE9124D4AA99000CBFD4 /* ChangeNameViewController.h */ = {isa = PBXFileReference; lastKnownFileType = sourcecode.c.h; path = ChangeNameViewController.h; sourceTree = "<group>"; };
		580EAE9224D4AA99000CBFD4 /* ChangeNameViewController.m */ = {isa = PBXFileReference; lastKnownFileType = sourcecode.c.objc; path = ChangeNameViewController.m; sourceTree = "<group>"; };
		58A33E7B24BF666100A40188 /* Local.app */ = {isa = PBXFileReference; explicitFileType = wrapper.application; includeInIndex = 0; path = Local.app; sourceTree = BUILT_PRODUCTS_DIR; };
		58A33E7E24BF666100A40188 /* AppDelegate.h */ = {isa = PBXFileReference; lastKnownFileType = sourcecode.c.h; path = AppDelegate.h; sourceTree = "<group>"; };
		58A33E7F24BF666100A40188 /* AppDelegate.m */ = {isa = PBXFileReference; lastKnownFileType = sourcecode.c.objc; path = AppDelegate.m; sourceTree = "<group>"; };
		58A33E8124BF666100A40188 /* SceneDelegate.h */ = {isa = PBXFileReference; lastKnownFileType = sourcecode.c.h; path = SceneDelegate.h; sourceTree = "<group>"; };
		58A33E8224BF666100A40188 /* SceneDelegate.m */ = {isa = PBXFileReference; lastKnownFileType = sourcecode.c.objc; path = SceneDelegate.m; sourceTree = "<group>"; };
		58A33E8824BF666100A40188 /* Base */ = {isa = PBXFileReference; lastKnownFileType = file.storyboard; name = Base; path = Base.lproj/Main.storyboard; sourceTree = "<group>"; };
		58A33E8A24BF666200A40188 /* Assets.xcassets */ = {isa = PBXFileReference; lastKnownFileType = folder.assetcatalog; path = Assets.xcassets; sourceTree = "<group>"; };
		58A33E8D24BF666200A40188 /* Base */ = {isa = PBXFileReference; lastKnownFileType = file.storyboard; name = Base; path = Base.lproj/LaunchScreen.storyboard; sourceTree = "<group>"; };
		58A33E8F24BF666200A40188 /* Info.plist */ = {isa = PBXFileReference; lastKnownFileType = text.plist.xml; path = Info.plist; sourceTree = "<group>"; };
		58A33E9024BF666200A40188 /* main.m */ = {isa = PBXFileReference; lastKnownFileType = sourcecode.c.objc; path = main.m; sourceTree = "<group>"; };
		58A33E9624BF666200A40188 /* LocalTests.xctest */ = {isa = PBXFileReference; explicitFileType = wrapper.cfbundle; includeInIndex = 0; path = LocalTests.xctest; sourceTree = BUILT_PRODUCTS_DIR; };
		58A33E9A24BF666200A40188 /* LocalTests.m */ = {isa = PBXFileReference; lastKnownFileType = sourcecode.c.objc; path = LocalTests.m; sourceTree = "<group>"; };
		58A33E9C24BF666200A40188 /* Info.plist */ = {isa = PBXFileReference; lastKnownFileType = text.plist.xml; path = Info.plist; sourceTree = "<group>"; };
		58A33EA124BF666200A40188 /* LocalUITests.xctest */ = {isa = PBXFileReference; explicitFileType = wrapper.cfbundle; includeInIndex = 0; path = LocalUITests.xctest; sourceTree = BUILT_PRODUCTS_DIR; };
		58A33EA524BF666200A40188 /* LocalUITests.m */ = {isa = PBXFileReference; lastKnownFileType = sourcecode.c.objc; path = LocalUITests.m; sourceTree = "<group>"; };
		58A33EA724BF666200A40188 /* Info.plist */ = {isa = PBXFileReference; lastKnownFileType = text.plist.xml; path = Info.plist; sourceTree = "<group>"; };
		58A33EB424BF684B00A40188 /* SignUpViewController.h */ = {isa = PBXFileReference; lastKnownFileType = sourcecode.c.h; path = SignUpViewController.h; sourceTree = "<group>"; };
		58A33EB524BF684B00A40188 /* SignUpViewController.m */ = {isa = PBXFileReference; lastKnownFileType = sourcecode.c.objc; path = SignUpViewController.m; sourceTree = "<group>"; };
		58A33EB724BF685600A40188 /* LogInViewController.h */ = {isa = PBXFileReference; lastKnownFileType = sourcecode.c.h; path = LogInViewController.h; sourceTree = "<group>"; };
		58A33EB824BF685600A40188 /* LogInViewController.m */ = {isa = PBXFileReference; lastKnownFileType = sourcecode.c.objc; path = LogInViewController.m; sourceTree = "<group>"; };
		58A33F1824BFBAF800A40188 /* SettingsViewController.h */ = {isa = PBXFileReference; lastKnownFileType = sourcecode.c.h; path = SettingsViewController.h; sourceTree = "<group>"; };
		58A33F1924BFBAF800A40188 /* SettingsViewController.m */ = {isa = PBXFileReference; lastKnownFileType = sourcecode.c.objc; path = SettingsViewController.m; sourceTree = "<group>"; };
		58ACBDAD24C6294600066301 /* PlaceCell.h */ = {isa = PBXFileReference; lastKnownFileType = sourcecode.c.h; path = PlaceCell.h; sourceTree = "<group>"; };
		58ACBDAE24C6294600066301 /* PlaceCell.m */ = {isa = PBXFileReference; lastKnownFileType = sourcecode.c.objc; path = PlaceCell.m; sourceTree = "<group>"; };
		58ACBDB024C62A2300066301 /* ProfileViewController.h */ = {isa = PBXFileReference; lastKnownFileType = sourcecode.c.h; path = ProfileViewController.h; sourceTree = "<group>"; };
		58ACBDB124C62A2300066301 /* ProfileViewController.m */ = {isa = PBXFileReference; lastKnownFileType = sourcecode.c.objc; path = ProfileViewController.m; sourceTree = "<group>"; };
		58ACBDB324C6466900066301 /* TimelineViewController.h */ = {isa = PBXFileReference; lastKnownFileType = sourcecode.c.h; path = TimelineViewController.h; sourceTree = "<group>"; };
		58ACBDB424C6466900066301 /* TimelineViewController.m */ = {isa = PBXFileReference; lastKnownFileType = sourcecode.c.objc; path = TimelineViewController.m; sourceTree = "<group>"; };
		58ACBDB624C646DA00066301 /* TimelineCell.h */ = {isa = PBXFileReference; lastKnownFileType = sourcecode.c.h; path = TimelineCell.h; sourceTree = "<group>"; };
		58ACBDB724C646DA00066301 /* TimelineCell.m */ = {isa = PBXFileReference; lastKnownFileType = sourcecode.c.objc; path = TimelineCell.m; sourceTree = "<group>"; };
		58ACBDB924C6474500066301 /* TimelinePhotoCell.h */ = {isa = PBXFileReference; lastKnownFileType = sourcecode.c.h; path = TimelinePhotoCell.h; sourceTree = "<group>"; };
		58ACBDBA24C6474500066301 /* TimelinePhotoCell.m */ = {isa = PBXFileReference; lastKnownFileType = sourcecode.c.objc; path = TimelinePhotoCell.m; sourceTree = "<group>"; };
		58ACBDBC24C8918300066301 /* HomeViewController.h */ = {isa = PBXFileReference; lastKnownFileType = sourcecode.c.h; path = HomeViewController.h; sourceTree = "<group>"; };
		58ACBDBD24C8918300066301 /* HomeViewController.m */ = {isa = PBXFileReference; lastKnownFileType = sourcecode.c.objc; path = HomeViewController.m; sourceTree = "<group>"; };
		58ACBDBF24C897E600066301 /* MapViewController.h */ = {isa = PBXFileReference; lastKnownFileType = sourcecode.c.h; path = MapViewController.h; sourceTree = "<group>"; };
		58ACBDC024C897E600066301 /* MapViewController.m */ = {isa = PBXFileReference; lastKnownFileType = sourcecode.c.objc; path = MapViewController.m; sourceTree = "<group>"; };
		58ACBDC224C8ECCE00066301 /* ProfilePostsViewController.h */ = {isa = PBXFileReference; lastKnownFileType = sourcecode.c.h; path = ProfilePostsViewController.h; sourceTree = "<group>"; };
		58ACBDC324C8ECCE00066301 /* ProfilePostsViewController.m */ = {isa = PBXFileReference; lastKnownFileType = sourcecode.c.objc; path = ProfilePostsViewController.m; sourceTree = "<group>"; };
		58ACBDC524CA001E00066301 /* PersonalMapViewController.h */ = {isa = PBXFileReference; lastKnownFileType = sourcecode.c.h; path = PersonalMapViewController.h; sourceTree = "<group>"; };
		58ACBDC624CA001E00066301 /* PersonalMapViewController.m */ = {isa = PBXFileReference; lastKnownFileType = sourcecode.c.objc; path = PersonalMapViewController.m; sourceTree = "<group>"; };
		58ACBDC824CA072B00066301 /* TakeMeAnywhereSettingsViewController.h */ = {isa = PBXFileReference; lastKnownFileType = sourcecode.c.h; path = TakeMeAnywhereSettingsViewController.h; sourceTree = "<group>"; };
		58ACBDC924CA072B00066301 /* TakeMeAnywhereSettingsViewController.m */ = {isa = PBXFileReference; lastKnownFileType = sourcecode.c.objc; path = TakeMeAnywhereSettingsViewController.m; sourceTree = "<group>"; };
		58ACBDCB24CA233200066301 /* RandomSpotViewController.h */ = {isa = PBXFileReference; lastKnownFileType = sourcecode.c.h; path = RandomSpotViewController.h; sourceTree = "<group>"; };
		58ACBDCC24CA233200066301 /* RandomSpotViewController.m */ = {isa = PBXFileReference; lastKnownFileType = sourcecode.c.objc; path = RandomSpotViewController.m; sourceTree = "<group>"; };
		58ACBDD424CF4DDD00066301 /* SearchResultCell.h */ = {isa = PBXFileReference; lastKnownFileType = sourcecode.c.h; path = SearchResultCell.h; sourceTree = "<group>"; };
		58ACBDD524CF4DDD00066301 /* SearchResultCell.m */ = {isa = PBXFileReference; lastKnownFileType = sourcecode.c.objc; path = SearchResultCell.m; sourceTree = "<group>"; };
		58ACBDDA24CF522D00066301 /* SearchViewController.h */ = {isa = PBXFileReference; lastKnownFileType = sourcecode.c.h; path = SearchViewController.h; sourceTree = "<group>"; };
		58ACBDDB24CF522D00066301 /* SearchViewController.m */ = {isa = PBXFileReference; lastKnownFileType = sourcecode.c.objc; path = SearchViewController.m; sourceTree = "<group>"; };
		58ACBDDD24CF6CA800066301 /* CommentViewController.h */ = {isa = PBXFileReference; lastKnownFileType = sourcecode.c.h; path = CommentViewController.h; sourceTree = "<group>"; };
		58ACBDDE24CF6CA800066301 /* CommentViewController.m */ = {isa = PBXFileReference; lastKnownFileType = sourcecode.c.objc; path = CommentViewController.m; sourceTree = "<group>"; };
		58ACBDE024CF6CC100066301 /* CommentCell.h */ = {isa = PBXFileReference; lastKnownFileType = sourcecode.c.h; path = CommentCell.h; sourceTree = "<group>"; };
		58ACBDE124CF6CC100066301 /* CommentCell.m */ = {isa = PBXFileReference; lastKnownFileType = sourcecode.c.objc; path = CommentCell.m; sourceTree = "<group>"; };
		58B3A10324D87B6300A87320 /* SignUpPlaceViewController.h */ = {isa = PBXFileReference; lastKnownFileType = sourcecode.c.h; path = SignUpPlaceViewController.h; sourceTree = "<group>"; };
		58B3A10424D87B6300A87320 /* SignUpPlaceViewController.m */ = {isa = PBXFileReference; lastKnownFileType = sourcecode.c.objc; path = SignUpPlaceViewController.m; sourceTree = "<group>"; };
		58CE114524E30B8F0080DCA5 /* TripViewController.h */ = {isa = PBXFileReference; lastKnownFileType = sourcecode.c.h; path = TripViewController.h; sourceTree = "<group>"; };
		58CE114624E30B8F0080DCA5 /* TripViewController.m */ = {isa = PBXFileReference; lastKnownFileType = sourcecode.c.objc; path = TripViewController.m; sourceTree = "<group>"; };
		7C216EC8C6A03FD22E275F25 /* Pods-LocalTests.release.xcconfig */ = {isa = PBXFileReference; includeInIndex = 1; lastKnownFileType = text.xcconfig; name = "Pods-LocalTests.release.xcconfig"; path = "Target Support Files/Pods-LocalTests/Pods-LocalTests.release.xcconfig"; sourceTree = "<group>"; };
		8D6D11CC9F43FBB121E47901 /* Pods-LocalTests.debug.xcconfig */ = {isa = PBXFileReference; includeInIndex = 1; lastKnownFileType = text.xcconfig; name = "Pods-LocalTests.debug.xcconfig"; path = "Target Support Files/Pods-LocalTests/Pods-LocalTests.debug.xcconfig"; sourceTree = "<group>"; };
		AAEAEBAD45FCC11AA5EC4361 /* Pods_LocalTests.framework */ = {isa = PBXFileReference; explicitFileType = wrapper.framework; includeInIndex = 0; path = Pods_LocalTests.framework; sourceTree = BUILT_PRODUCTS_DIR; };
		ACCF04E2E486F7F75A04206B /* Pods-Local-LocalUITests.debug.xcconfig */ = {isa = PBXFileReference; includeInIndex = 1; lastKnownFileType = text.xcconfig; name = "Pods-Local-LocalUITests.debug.xcconfig"; path = "Target Support Files/Pods-Local-LocalUITests/Pods-Local-LocalUITests.debug.xcconfig"; sourceTree = "<group>"; };
		B470115D2388638CCC60A1CC /* Pods-Local.debug.xcconfig */ = {isa = PBXFileReference; includeInIndex = 1; lastKnownFileType = text.xcconfig; name = "Pods-Local.debug.xcconfig"; path = "Target Support Files/Pods-Local/Pods-Local.debug.xcconfig"; sourceTree = "<group>"; };
		D59003B93150AD0ACBAC6AA0 /* Pods-Local.release.xcconfig */ = {isa = PBXFileReference; includeInIndex = 1; lastKnownFileType = text.xcconfig; name = "Pods-Local.release.xcconfig"; path = "Target Support Files/Pods-Local/Pods-Local.release.xcconfig"; sourceTree = "<group>"; };
		E17C76599FE85AC290D47634 /* Pods_Local_LocalUITests.framework */ = {isa = PBXFileReference; explicitFileType = wrapper.framework; includeInIndex = 0; path = Pods_Local_LocalUITests.framework; sourceTree = BUILT_PRODUCTS_DIR; };
		E5C988D4DB5B29FBD3C20374 /* Pods-Local-LocalUITests.release.xcconfig */ = {isa = PBXFileReference; includeInIndex = 1; lastKnownFileType = text.xcconfig; name = "Pods-Local-LocalUITests.release.xcconfig"; path = "Target Support Files/Pods-Local-LocalUITests/Pods-Local-LocalUITests.release.xcconfig"; sourceTree = "<group>"; };
/* End PBXFileReference section */

/* Begin PBXFrameworksBuildPhase section */
		58A33E7824BF666100A40188 /* Frameworks */ = {
			isa = PBXFrameworksBuildPhase;
			buildActionMask = 2147483647;
			files = (
				7F34F39C9CAE0EC4AD944212 /* Pods_Local.framework in Frameworks */,
			);
			runOnlyForDeploymentPostprocessing = 0;
		};
		58A33E9324BF666200A40188 /* Frameworks */ = {
			isa = PBXFrameworksBuildPhase;
			buildActionMask = 2147483647;
			files = (
				BBC8E2FAA0A79230E709D48A /* Pods_LocalTests.framework in Frameworks */,
			);
			runOnlyForDeploymentPostprocessing = 0;
		};
		58A33E9E24BF666200A40188 /* Frameworks */ = {
			isa = PBXFrameworksBuildPhase;
			buildActionMask = 2147483647;
			files = (
				DC83A2F9EA8931AB2BA57000 /* Pods_Local_LocalUITests.framework in Frameworks */,
			);
			runOnlyForDeploymentPostprocessing = 0;
		};
/* End PBXFrameworksBuildPhase section */

/* Begin PBXGroup section */
		3AAC8523C5D7EAEB20DB26A8 /* Frameworks */ = {
			isa = PBXGroup;
			children = (
				27CEA1609312324989BEED6F /* Pods_Local.framework */,
				E17C76599FE85AC290D47634 /* Pods_Local_LocalUITests.framework */,
				AAEAEBAD45FCC11AA5EC4361 /* Pods_LocalTests.framework */,
			);
			name = Frameworks;
			sourceTree = "<group>";
		};
		58A33E7224BF666100A40188 = {
			isa = PBXGroup;
			children = (
				58A33E7D24BF666100A40188 /* Local */,
				58A33E9924BF666200A40188 /* LocalTests */,
				58A33EA424BF666200A40188 /* LocalUITests */,
				58A33E7C24BF666100A40188 /* Products */,
				CD68AF64768EEA1C76E560F5 /* Pods */,
				3AAC8523C5D7EAEB20DB26A8 /* Frameworks */,
			);
			sourceTree = "<group>";
		};
		58A33E7C24BF666100A40188 /* Products */ = {
			isa = PBXGroup;
			children = (
				58A33E7B24BF666100A40188 /* Local.app */,
				58A33E9624BF666200A40188 /* LocalTests.xctest */,
				58A33EA124BF666200A40188 /* LocalUITests.xctest */,
			);
			name = Products;
			sourceTree = "<group>";
		};
		58A33E7D24BF666100A40188 /* Local */ = {
			isa = PBXGroup;
			children = (
				58A33EB324BF683900A40188 /* View Controllers */,
				58A33EBA24BF6C1B00A40188 /* Views */,
				58A33EBB24BF6C2800A40188 /* Models */,
				58A33E7E24BF666100A40188 /* AppDelegate.h */,
				58A33E7F24BF666100A40188 /* AppDelegate.m */,
				58A33E8124BF666100A40188 /* SceneDelegate.h */,
				58A33E8224BF666100A40188 /* SceneDelegate.m */,
				58A33E8724BF666100A40188 /* Main.storyboard */,
				58A33E8A24BF666200A40188 /* Assets.xcassets */,
				58A33E8C24BF666200A40188 /* LaunchScreen.storyboard */,
				58A33E8F24BF666200A40188 /* Info.plist */,
				58A33E9024BF666200A40188 /* main.m */,
			);
			path = Local;
			sourceTree = "<group>";
		};
		58A33E9924BF666200A40188 /* LocalTests */ = {
			isa = PBXGroup;
			children = (
				58A33E9A24BF666200A40188 /* LocalTests.m */,
				58A33E9C24BF666200A40188 /* Info.plist */,
			);
			path = LocalTests;
			sourceTree = "<group>";
		};
		58A33EA424BF666200A40188 /* LocalUITests */ = {
			isa = PBXGroup;
			children = (
				58A33EA524BF666200A40188 /* LocalUITests.m */,
				58A33EA724BF666200A40188 /* Info.plist */,
			);
			path = LocalUITests;
			sourceTree = "<group>";
		};
		58A33EB324BF683900A40188 /* View Controllers */ = {
			isa = PBXGroup;
			children = (
				58A33EB424BF684B00A40188 /* SignUpViewController.h */,
				58A33EB524BF684B00A40188 /* SignUpViewController.m */,
				58A33EB724BF685600A40188 /* LogInViewController.h */,
				58A33EB824BF685600A40188 /* LogInViewController.m */,
				58A33F1824BFBAF800A40188 /* SettingsViewController.h */,
				58A33F1924BFBAF800A40188 /* SettingsViewController.m */,
				5802F29024C0DF30007128EA /* PlacePicturePickerViewController.h */,
				5802F29124C0DF30007128EA /* PlacePicturePickerViewController.m */,
				5802F29324C0E111007128EA /* PostPlaceViewController.h */,
				5802F29424C0E111007128EA /* PostPlaceViewController.m */,
				5802F29F24C215A5007128EA /* SpotPicturePickerViewController.h */,
				5802F2A024C215A5007128EA /* SpotPicturePickerViewController.m */,
				5802F2A224C22746007128EA /* SpotPlacePickerViewController.h */,
				5802F2A324C22746007128EA /* SpotPlacePickerViewController.m */,
				5802F2A824C25F25007128EA /* PostSpotViewController.h */,
				5802F2A924C25F25007128EA /* PostSpotViewController.m */,
				58ACBDB024C62A2300066301 /* ProfileViewController.h */,
				58ACBDB124C62A2300066301 /* ProfileViewController.m */,
				58ACBDB324C6466900066301 /* TimelineViewController.h */,
				58ACBDB424C6466900066301 /* TimelineViewController.m */,
				58ACBDBC24C8918300066301 /* HomeViewController.h */,
				58ACBDBD24C8918300066301 /* HomeViewController.m */,
				58ACBDBF24C897E600066301 /* MapViewController.h */,
				58ACBDC024C897E600066301 /* MapViewController.m */,
				58ACBDC224C8ECCE00066301 /* ProfilePostsViewController.h */,
				58ACBDC324C8ECCE00066301 /* ProfilePostsViewController.m */,
				58ACBDC524CA001E00066301 /* PersonalMapViewController.h */,
				58ACBDC624CA001E00066301 /* PersonalMapViewController.m */,
				58ACBDC824CA072B00066301 /* TakeMeAnywhereSettingsViewController.h */,
				58ACBDC924CA072B00066301 /* TakeMeAnywhereSettingsViewController.m */,
				58ACBDCB24CA233200066301 /* RandomSpotViewController.h */,
				58ACBDCC24CA233200066301 /* RandomSpotViewController.m */,
				58ACBDDA24CF522D00066301 /* SearchViewController.h */,
				58ACBDDB24CF522D00066301 /* SearchViewController.m */,
				58ACBDDD24CF6CA800066301 /* CommentViewController.h */,
				58ACBDDE24CF6CA800066301 /* CommentViewController.m */,
				580EAE5224D09DBD000CBFD4 /* PlaceViewController.h */,
				580EAE5324D09DBD000CBFD4 /* PlaceViewController.m */,
				580EAE5524D0A548000CBFD4 /* ActivityViewController.h */,
				580EAE5624D0A548000CBFD4 /* ActivityViewController.m */,
				580EAE7F24D34D09000CBFD4 /* ProfilePlacesViewController.h */,
				580EAE8024D34D09000CBFD4 /* ProfilePlacesViewController.m */,
				580EAE8224D34D1D000CBFD4 /* ProfileSavesViewController.h */,
				580EAE8324D34D1D000CBFD4 /* ProfileSavesViewController.m */,
				580EAE8524D4A57D000CBFD4 /* ChangeAddressViewController.h */,
				580EAE8624D4A57D000CBFD4 /* ChangeAddressViewController.m */,
				580EAE8824D4A765000CBFD4 /* ChangeProfilePicViewController.h */,
				580EAE8924D4A765000CBFD4 /* ChangeProfilePicViewController.m */,
				580EAE8B24D4A8EF000CBFD4 /* ChangeBioViewController.h */,
				580EAE8C24D4A8EF000CBFD4 /* ChangeBioViewController.m */,
				580EAE8E24D4A9C7000CBFD4 /* ChangeUsernameViewController.h */,
				580EAE8F24D4A9C7000CBFD4 /* ChangeUsernameViewController.m */,
				580EAE9124D4AA99000CBFD4 /* ChangeNameViewController.h */,
				580EAE9224D4AA99000CBFD4 /* ChangeNameViewController.m */,
				58B3A10324D87B6300A87320 /* SignUpPlaceViewController.h */,
				58B3A10424D87B6300A87320 /* SignUpPlaceViewController.m */,
				58CE114524E30B8F0080DCA5 /* TripViewController.h */,
				58CE114624E30B8F0080DCA5 /* TripViewController.m */,
			);
			path = "View Controllers";
			sourceTree = "<group>";
		};
		58A33EBA24BF6C1B00A40188 /* Views */ = {
			isa = PBXGroup;
			children = (
				5802F29C24C2150A007128EA /* SpotPostCell.h */,
				5802F29D24C2150A007128EA /* SpotPostCell.m */,
				5802F2A524C247EF007128EA /* PlaceInfoCell.h */,
				5802F2A624C247EF007128EA /* PlaceInfoCell.m */,
				58ACBDAD24C6294600066301 /* PlaceCell.h */,
				58ACBDAE24C6294600066301 /* PlaceCell.m */,
				58ACBDB624C646DA00066301 /* TimelineCell.h */,
				58ACBDB724C646DA00066301 /* TimelineCell.m */,
				58ACBDB924C6474500066301 /* TimelinePhotoCell.h */,
				58ACBDBA24C6474500066301 /* TimelinePhotoCell.m */,
				58ACBDD424CF4DDD00066301 /* SearchResultCell.h */,
				58ACBDD524CF4DDD00066301 /* SearchResultCell.m */,
				58ACBDE024CF6CC100066301 /* CommentCell.h */,
				58ACBDE124CF6CC100066301 /* CommentCell.m */,
				580EAE5824D0A574000CBFD4 /* ActivityCell.h */,
				580EAE5924D0A574000CBFD4 /* ActivityCell.m */,
				580EAE7C24D21645000CBFD4 /* SaveCell.h */,
				580EAE7D24D21645000CBFD4 /* SaveCell.m */,
			);
			path = Views;
			sourceTree = "<group>";
		};
		58A33EBB24BF6C2800A40188 /* Models */ = {
			isa = PBXGroup;
			children = (
				5802F29924C0FFC8007128EA /* Place.h */,
				5802F29A24C0FFC8007128EA /* Place.m */,
				5802F2AB24C25F43007128EA /* Spot.h */,
				5802F2AC24C25F43007128EA /* Spot.m */,
			);
			path = Models;
			sourceTree = "<group>";
		};
		CD68AF64768EEA1C76E560F5 /* Pods */ = {
			isa = PBXGroup;
			children = (
				B470115D2388638CCC60A1CC /* Pods-Local.debug.xcconfig */,
				D59003B93150AD0ACBAC6AA0 /* Pods-Local.release.xcconfig */,
				ACCF04E2E486F7F75A04206B /* Pods-Local-LocalUITests.debug.xcconfig */,
				E5C988D4DB5B29FBD3C20374 /* Pods-Local-LocalUITests.release.xcconfig */,
				8D6D11CC9F43FBB121E47901 /* Pods-LocalTests.debug.xcconfig */,
				7C216EC8C6A03FD22E275F25 /* Pods-LocalTests.release.xcconfig */,
			);
			path = Pods;
			sourceTree = "<group>";
		};
/* End PBXGroup section */

/* Begin PBXNativeTarget section */
		58A33E7A24BF666100A40188 /* Local */ = {
			isa = PBXNativeTarget;
			buildConfigurationList = 58A33EAA24BF666200A40188 /* Build configuration list for PBXNativeTarget "Local" */;
			buildPhases = (
				6636DC120FDCD049F105460D /* [CP] Check Pods Manifest.lock */,
				58A33E7724BF666100A40188 /* Sources */,
				58A33E7824BF666100A40188 /* Frameworks */,
				58A33E7924BF666100A40188 /* Resources */,
				68FF149EB947C46D5EAB9791 /* [CP] Embed Pods Frameworks */,
				B8265D5816BBDC9DC9C1595C /* [CP] Copy Pods Resources */,
			);
			buildRules = (
			);
			dependencies = (
			);
			name = Local;
			productName = Local;
			productReference = 58A33E7B24BF666100A40188 /* Local.app */;
			productType = "com.apple.product-type.application";
		};
		58A33E9524BF666200A40188 /* LocalTests */ = {
			isa = PBXNativeTarget;
			buildConfigurationList = 58A33EAD24BF666200A40188 /* Build configuration list for PBXNativeTarget "LocalTests" */;
			buildPhases = (
				F85DDB591E439B0465C4F8B8 /* [CP] Check Pods Manifest.lock */,
				58A33E9224BF666200A40188 /* Sources */,
				58A33E9324BF666200A40188 /* Frameworks */,
				58A33E9424BF666200A40188 /* Resources */,
			);
			buildRules = (
			);
			dependencies = (
				58A33E9824BF666200A40188 /* PBXTargetDependency */,
			);
			name = LocalTests;
			productName = LocalTests;
			productReference = 58A33E9624BF666200A40188 /* LocalTests.xctest */;
			productType = "com.apple.product-type.bundle.unit-test";
		};
		58A33EA024BF666200A40188 /* LocalUITests */ = {
			isa = PBXNativeTarget;
			buildConfigurationList = 58A33EB024BF666200A40188 /* Build configuration list for PBXNativeTarget "LocalUITests" */;
			buildPhases = (
				754C995ADC248D369F6D0146 /* [CP] Check Pods Manifest.lock */,
				58A33E9D24BF666200A40188 /* Sources */,
				58A33E9E24BF666200A40188 /* Frameworks */,
				58A33E9F24BF666200A40188 /* Resources */,
				FD6D4AAEC48E43C02DF8CD70 /* [CP] Embed Pods Frameworks */,
				CFB4CE76031E99458AC9D38A /* [CP] Copy Pods Resources */,
			);
			buildRules = (
			);
			dependencies = (
				58A33EA324BF666200A40188 /* PBXTargetDependency */,
			);
			name = LocalUITests;
			productName = LocalUITests;
			productReference = 58A33EA124BF666200A40188 /* LocalUITests.xctest */;
			productType = "com.apple.product-type.bundle.ui-testing";
		};
/* End PBXNativeTarget section */

/* Begin PBXProject section */
		58A33E7324BF666100A40188 /* Project object */ = {
			isa = PBXProject;
			attributes = {
				LastUpgradeCheck = 1150;
				ORGANIZATIONNAME = "Caroline Reiser";
				TargetAttributes = {
					58A33E7A24BF666100A40188 = {
						CreatedOnToolsVersion = 11.5;
						LastSwiftMigration = 1160;
					};
					58A33E9524BF666200A40188 = {
						CreatedOnToolsVersion = 11.5;
						TestTargetID = 58A33E7A24BF666100A40188;
					};
					58A33EA024BF666200A40188 = {
						CreatedOnToolsVersion = 11.5;
						TestTargetID = 58A33E7A24BF666100A40188;
					};
				};
			};
			buildConfigurationList = 58A33E7624BF666100A40188 /* Build configuration list for PBXProject "Local" */;
			compatibilityVersion = "Xcode 9.3";
			developmentRegion = en;
			hasScannedForEncodings = 0;
			knownRegions = (
				en,
				Base,
			);
			mainGroup = 58A33E7224BF666100A40188;
			productRefGroup = 58A33E7C24BF666100A40188 /* Products */;
			projectDirPath = "";
			projectRoot = "";
			targets = (
				58A33E7A24BF666100A40188 /* Local */,
				58A33E9524BF666200A40188 /* LocalTests */,
				58A33EA024BF666200A40188 /* LocalUITests */,
			);
		};
/* End PBXProject section */

/* Begin PBXResourcesBuildPhase section */
		58A33E7924BF666100A40188 /* Resources */ = {
			isa = PBXResourcesBuildPhase;
			buildActionMask = 2147483647;
			files = (
				58A33E8E24BF666200A40188 /* LaunchScreen.storyboard in Resources */,
				58A33E8B24BF666200A40188 /* Assets.xcassets in Resources */,
				58A33E8924BF666100A40188 /* Main.storyboard in Resources */,
			);
			runOnlyForDeploymentPostprocessing = 0;
		};
		58A33E9424BF666200A40188 /* Resources */ = {
			isa = PBXResourcesBuildPhase;
			buildActionMask = 2147483647;
			files = (
			);
			runOnlyForDeploymentPostprocessing = 0;
		};
		58A33E9F24BF666200A40188 /* Resources */ = {
			isa = PBXResourcesBuildPhase;
			buildActionMask = 2147483647;
			files = (
			);
			runOnlyForDeploymentPostprocessing = 0;
		};
/* End PBXResourcesBuildPhase section */

/* Begin PBXShellScriptBuildPhase section */
		6636DC120FDCD049F105460D /* [CP] Check Pods Manifest.lock */ = {
			isa = PBXShellScriptBuildPhase;
			buildActionMask = 2147483647;
			files = (
			);
			inputFileListPaths = (
			);
			inputPaths = (
				"${PODS_PODFILE_DIR_PATH}/Podfile.lock",
				"${PODS_ROOT}/Manifest.lock",
			);
			name = "[CP] Check Pods Manifest.lock";
			outputFileListPaths = (
			);
			outputPaths = (
				"$(DERIVED_FILE_DIR)/Pods-Local-checkManifestLockResult.txt",
			);
			runOnlyForDeploymentPostprocessing = 0;
			shellPath = /bin/sh;
			shellScript = "diff \"${PODS_PODFILE_DIR_PATH}/Podfile.lock\" \"${PODS_ROOT}/Manifest.lock\" > /dev/null\nif [ $? != 0 ] ; then\n    # print error to STDERR\n    echo \"error: The sandbox is not in sync with the Podfile.lock. Run 'pod install' or update your CocoaPods installation.\" >&2\n    exit 1\nfi\n# This output is used by Xcode 'outputs' to avoid re-running this script phase.\necho \"SUCCESS\" > \"${SCRIPT_OUTPUT_FILE_0}\"\n";
			showEnvVarsInLog = 0;
		};
		68FF149EB947C46D5EAB9791 /* [CP] Embed Pods Frameworks */ = {
			isa = PBXShellScriptBuildPhase;
			buildActionMask = 2147483647;
			files = (
			);
			inputFileListPaths = (
				"${PODS_ROOT}/Target Support Files/Pods-Local/Pods-Local-frameworks-${CONFIGURATION}-input-files.xcfilelist",
			);
			name = "[CP] Embed Pods Frameworks";
			outputFileListPaths = (
				"${PODS_ROOT}/Target Support Files/Pods-Local/Pods-Local-frameworks-${CONFIGURATION}-output-files.xcfilelist",
			);
			runOnlyForDeploymentPostprocessing = 0;
			shellPath = /bin/sh;
			shellScript = "\"${PODS_ROOT}/Target Support Files/Pods-Local/Pods-Local-frameworks.sh\"\n";
			showEnvVarsInLog = 0;
		};
		754C995ADC248D369F6D0146 /* [CP] Check Pods Manifest.lock */ = {
			isa = PBXShellScriptBuildPhase;
			buildActionMask = 2147483647;
			files = (
			);
			inputFileListPaths = (
			);
			inputPaths = (
				"${PODS_PODFILE_DIR_PATH}/Podfile.lock",
				"${PODS_ROOT}/Manifest.lock",
			);
			name = "[CP] Check Pods Manifest.lock";
			outputFileListPaths = (
			);
			outputPaths = (
				"$(DERIVED_FILE_DIR)/Pods-Local-LocalUITests-checkManifestLockResult.txt",
			);
			runOnlyForDeploymentPostprocessing = 0;
			shellPath = /bin/sh;
			shellScript = "diff \"${PODS_PODFILE_DIR_PATH}/Podfile.lock\" \"${PODS_ROOT}/Manifest.lock\" > /dev/null\nif [ $? != 0 ] ; then\n    # print error to STDERR\n    echo \"error: The sandbox is not in sync with the Podfile.lock. Run 'pod install' or update your CocoaPods installation.\" >&2\n    exit 1\nfi\n# This output is used by Xcode 'outputs' to avoid re-running this script phase.\necho \"SUCCESS\" > \"${SCRIPT_OUTPUT_FILE_0}\"\n";
			showEnvVarsInLog = 0;
		};
		B8265D5816BBDC9DC9C1595C /* [CP] Copy Pods Resources */ = {
			isa = PBXShellScriptBuildPhase;
			buildActionMask = 2147483647;
			files = (
			);
			inputFileListPaths = (
				"${PODS_ROOT}/Target Support Files/Pods-Local/Pods-Local-resources-${CONFIGURATION}-input-files.xcfilelist",
			);
			name = "[CP] Copy Pods Resources";
			outputFileListPaths = (
				"${PODS_ROOT}/Target Support Files/Pods-Local/Pods-Local-resources-${CONFIGURATION}-output-files.xcfilelist",
			);
			runOnlyForDeploymentPostprocessing = 0;
			shellPath = /bin/sh;
			shellScript = "\"${PODS_ROOT}/Target Support Files/Pods-Local/Pods-Local-resources.sh\"\n";
			showEnvVarsInLog = 0;
		};
		CFB4CE76031E99458AC9D38A /* [CP] Copy Pods Resources */ = {
			isa = PBXShellScriptBuildPhase;
			buildActionMask = 2147483647;
			files = (
			);
			inputFileListPaths = (
				"${PODS_ROOT}/Target Support Files/Pods-Local-LocalUITests/Pods-Local-LocalUITests-resources-${CONFIGURATION}-input-files.xcfilelist",
			);
			name = "[CP] Copy Pods Resources";
			outputFileListPaths = (
				"${PODS_ROOT}/Target Support Files/Pods-Local-LocalUITests/Pods-Local-LocalUITests-resources-${CONFIGURATION}-output-files.xcfilelist",
			);
			runOnlyForDeploymentPostprocessing = 0;
			shellPath = /bin/sh;
			shellScript = "\"${PODS_ROOT}/Target Support Files/Pods-Local-LocalUITests/Pods-Local-LocalUITests-resources.sh\"\n";
			showEnvVarsInLog = 0;
		};
		F85DDB591E439B0465C4F8B8 /* [CP] Check Pods Manifest.lock */ = {
			isa = PBXShellScriptBuildPhase;
			buildActionMask = 2147483647;
			files = (
			);
			inputFileListPaths = (
			);
			inputPaths = (
				"${PODS_PODFILE_DIR_PATH}/Podfile.lock",
				"${PODS_ROOT}/Manifest.lock",
			);
			name = "[CP] Check Pods Manifest.lock";
			outputFileListPaths = (
			);
			outputPaths = (
				"$(DERIVED_FILE_DIR)/Pods-LocalTests-checkManifestLockResult.txt",
			);
			runOnlyForDeploymentPostprocessing = 0;
			shellPath = /bin/sh;
			shellScript = "diff \"${PODS_PODFILE_DIR_PATH}/Podfile.lock\" \"${PODS_ROOT}/Manifest.lock\" > /dev/null\nif [ $? != 0 ] ; then\n    # print error to STDERR\n    echo \"error: The sandbox is not in sync with the Podfile.lock. Run 'pod install' or update your CocoaPods installation.\" >&2\n    exit 1\nfi\n# This output is used by Xcode 'outputs' to avoid re-running this script phase.\necho \"SUCCESS\" > \"${SCRIPT_OUTPUT_FILE_0}\"\n";
			showEnvVarsInLog = 0;
		};
		FD6D4AAEC48E43C02DF8CD70 /* [CP] Embed Pods Frameworks */ = {
			isa = PBXShellScriptBuildPhase;
			buildActionMask = 2147483647;
			files = (
			);
			inputFileListPaths = (
				"${PODS_ROOT}/Target Support Files/Pods-Local-LocalUITests/Pods-Local-LocalUITests-frameworks-${CONFIGURATION}-input-files.xcfilelist",
			);
			name = "[CP] Embed Pods Frameworks";
			outputFileListPaths = (
				"${PODS_ROOT}/Target Support Files/Pods-Local-LocalUITests/Pods-Local-LocalUITests-frameworks-${CONFIGURATION}-output-files.xcfilelist",
			);
			runOnlyForDeploymentPostprocessing = 0;
			shellPath = /bin/sh;
			shellScript = "\"${PODS_ROOT}/Target Support Files/Pods-Local-LocalUITests/Pods-Local-LocalUITests-frameworks.sh\"\n";
			showEnvVarsInLog = 0;
		};
/* End PBXShellScriptBuildPhase section */

/* Begin PBXSourcesBuildPhase section */
		58A33E7724BF666100A40188 /* Sources */ = {
			isa = PBXSourcesBuildPhase;
			buildActionMask = 2147483647;
			files = (
				5802F2A124C215A5007128EA /* SpotPicturePickerViewController.m in Sources */,
				580EAE5724D0A548000CBFD4 /* ActivityViewController.m in Sources */,
				58ACBDD624CF4DDD00066301 /* SearchResultCell.m in Sources */,
				58A33EB624BF684B00A40188 /* SignUpViewController.m in Sources */,
				5802F29E24C2150A007128EA /* SpotPostCell.m in Sources */,
				58ACBDDC24CF522D00066301 /* SearchViewController.m in Sources */,
				580EAE5A24D0A574000CBFD4 /* ActivityCell.m in Sources */,
				58A33EB924BF685600A40188 /* LogInViewController.m in Sources */,
				58A33E8024BF666100A40188 /* AppDelegate.m in Sources */,
				58ACBDBE24C8918300066301 /* HomeViewController.m in Sources */,
				580EAE8A24D4A765000CBFD4 /* ChangeProfilePicViewController.m in Sources */,
				5802F2AD24C25F43007128EA /* Spot.m in Sources */,
				58A33E9124BF666200A40188 /* main.m in Sources */,
				58B3A10524D87B6300A87320 /* SignUpPlaceViewController.m in Sources */,
				580EAE7E24D21645000CBFD4 /* SaveCell.m in Sources */,
				580EAE8424D34D1D000CBFD4 /* ProfileSavesViewController.m in Sources */,
				58ACBDC424C8ECCE00066301 /* ProfilePostsViewController.m in Sources */,
				580EAE8724D4A57D000CBFD4 /* ChangeAddressViewController.m in Sources */,
				58ACBDBB24C6474500066301 /* TimelinePhotoCell.m in Sources */,
				5802F2A724C247EF007128EA /* PlaceInfoCell.m in Sources */,
				5802F2A424C22746007128EA /* SpotPlacePickerViewController.m in Sources */,
				58ACBDB224C62A2300066301 /* ProfileViewController.m in Sources */,
				58ACBDCD24CA233200066301 /* RandomSpotViewController.m in Sources */,
				580EAE9024D4A9C7000CBFD4 /* ChangeUsernameViewController.m in Sources */,
				58CE114724E30B8F0080DCA5 /* TripViewController.m in Sources */,
				5802F2AA24C25F25007128EA /* PostSpotViewController.m in Sources */,
				58ACBDE224CF6CC100066301 /* CommentCell.m in Sources */,
				58ACBDB524C6466900066301 /* TimelineViewController.m in Sources */,
				580EAE5424D09DBD000CBFD4 /* PlaceViewController.m in Sources */,
				58ACBDC724CA001E00066301 /* PersonalMapViewController.m in Sources */,
				58ACBDCA24CA072B00066301 /* TakeMeAnywhereSettingsViewController.m in Sources */,
				580EAE8124D34D09000CBFD4 /* ProfilePlacesViewController.m in Sources */,
				5802F29B24C0FFC8007128EA /* Place.m in Sources */,
				58ACBDAF24C6294600066301 /* PlaceCell.m in Sources */,
				58A33E8324BF666100A40188 /* SceneDelegate.m in Sources */,
				58ACBDDF24CF6CA800066301 /* CommentViewController.m in Sources */,
				58A33F1A24BFBAF800A40188 /* SettingsViewController.m in Sources */,
				580EAE8D24D4A8EF000CBFD4 /* ChangeBioViewController.m in Sources */,
				5802F29524C0E111007128EA /* PostPlaceViewController.m in Sources */,
				58ACBDB824C646DA00066301 /* TimelineCell.m in Sources */,
				5802F29224C0DF30007128EA /* PlacePicturePickerViewController.m in Sources */,
				58ACBDC124C897E600066301 /* MapViewController.m in Sources */,
				580EAE9324D4AA99000CBFD4 /* ChangeNameViewController.m in Sources */,
			);
			runOnlyForDeploymentPostprocessing = 0;
		};
		58A33E9224BF666200A40188 /* Sources */ = {
			isa = PBXSourcesBuildPhase;
			buildActionMask = 2147483647;
			files = (
				58A33E9B24BF666200A40188 /* LocalTests.m in Sources */,
			);
			runOnlyForDeploymentPostprocessing = 0;
		};
		58A33E9D24BF666200A40188 /* Sources */ = {
			isa = PBXSourcesBuildPhase;
			buildActionMask = 2147483647;
			files = (
				58A33EA624BF666200A40188 /* LocalUITests.m in Sources */,
			);
			runOnlyForDeploymentPostprocessing = 0;
		};
/* End PBXSourcesBuildPhase section */

/* Begin PBXTargetDependency section */
		58A33E9824BF666200A40188 /* PBXTargetDependency */ = {
			isa = PBXTargetDependency;
			target = 58A33E7A24BF666100A40188 /* Local */;
			targetProxy = 58A33E9724BF666200A40188 /* PBXContainerItemProxy */;
		};
		58A33EA324BF666200A40188 /* PBXTargetDependency */ = {
			isa = PBXTargetDependency;
			target = 58A33E7A24BF666100A40188 /* Local */;
			targetProxy = 58A33EA224BF666200A40188 /* PBXContainerItemProxy */;
		};
/* End PBXTargetDependency section */

/* Begin PBXVariantGroup section */
		58A33E8724BF666100A40188 /* Main.storyboard */ = {
			isa = PBXVariantGroup;
			children = (
				58A33E8824BF666100A40188 /* Base */,
			);
			name = Main.storyboard;
			sourceTree = "<group>";
		};
		58A33E8C24BF666200A40188 /* LaunchScreen.storyboard */ = {
			isa = PBXVariantGroup;
			children = (
				58A33E8D24BF666200A40188 /* Base */,
			);
			name = LaunchScreen.storyboard;
			sourceTree = "<group>";
		};
/* End PBXVariantGroup section */

/* Begin XCBuildConfiguration section */
		58A33EA824BF666200A40188 /* Debug */ = {
			isa = XCBuildConfiguration;
			buildSettings = {
				ALWAYS_SEARCH_USER_PATHS = NO;
				CLANG_ANALYZER_NONNULL = YES;
				CLANG_ANALYZER_NUMBER_OBJECT_CONVERSION = YES_AGGRESSIVE;
				CLANG_CXX_LANGUAGE_STANDARD = "gnu++14";
				CLANG_CXX_LIBRARY = "libc++";
				CLANG_ENABLE_MODULES = YES;
				CLANG_ENABLE_OBJC_ARC = YES;
				CLANG_ENABLE_OBJC_WEAK = YES;
				CLANG_WARN_BLOCK_CAPTURE_AUTORELEASING = YES;
				CLANG_WARN_BOOL_CONVERSION = YES;
				CLANG_WARN_COMMA = YES;
				CLANG_WARN_CONSTANT_CONVERSION = YES;
				CLANG_WARN_DEPRECATED_OBJC_IMPLEMENTATIONS = YES;
				CLANG_WARN_DIRECT_OBJC_ISA_USAGE = YES_ERROR;
				CLANG_WARN_DOCUMENTATION_COMMENTS = YES;
				CLANG_WARN_EMPTY_BODY = YES;
				CLANG_WARN_ENUM_CONVERSION = YES;
				CLANG_WARN_INFINITE_RECURSION = YES;
				CLANG_WARN_INT_CONVERSION = YES;
				CLANG_WARN_NON_LITERAL_NULL_CONVERSION = YES;
				CLANG_WARN_OBJC_IMPLICIT_RETAIN_SELF = YES;
				CLANG_WARN_OBJC_LITERAL_CONVERSION = YES;
				CLANG_WARN_OBJC_ROOT_CLASS = YES_ERROR;
				CLANG_WARN_RANGE_LOOP_ANALYSIS = YES;
				CLANG_WARN_STRICT_PROTOTYPES = YES;
				CLANG_WARN_SUSPICIOUS_MOVE = YES;
				CLANG_WARN_UNGUARDED_AVAILABILITY = YES_AGGRESSIVE;
				CLANG_WARN_UNREACHABLE_CODE = YES;
				CLANG_WARN__DUPLICATE_METHOD_MATCH = YES;
				COPY_PHASE_STRIP = NO;
				DEBUG_INFORMATION_FORMAT = dwarf;
				ENABLE_STRICT_OBJC_MSGSEND = YES;
				ENABLE_TESTABILITY = YES;
				GCC_C_LANGUAGE_STANDARD = gnu11;
				GCC_DYNAMIC_NO_PIC = NO;
				GCC_NO_COMMON_BLOCKS = YES;
				GCC_OPTIMIZATION_LEVEL = 0;
				GCC_PREPROCESSOR_DEFINITIONS = (
					"DEBUG=1",
					"$(inherited)",
				);
				GCC_WARN_64_TO_32_BIT_CONVERSION = YES;
				GCC_WARN_ABOUT_RETURN_TYPE = YES_ERROR;
				GCC_WARN_UNDECLARED_SELECTOR = YES;
				GCC_WARN_UNINITIALIZED_AUTOS = YES_AGGRESSIVE;
				GCC_WARN_UNUSED_FUNCTION = YES;
				GCC_WARN_UNUSED_VARIABLE = YES;
				IPHONEOS_DEPLOYMENT_TARGET = 13.5;
				MTL_ENABLE_DEBUG_INFO = INCLUDE_SOURCE;
				MTL_FAST_MATH = YES;
				ONLY_ACTIVE_ARCH = YES;
				SDKROOT = iphoneos;
			};
			name = Debug;
		};
		58A33EA924BF666200A40188 /* Release */ = {
			isa = XCBuildConfiguration;
			buildSettings = {
				ALWAYS_SEARCH_USER_PATHS = NO;
				CLANG_ANALYZER_NONNULL = YES;
				CLANG_ANALYZER_NUMBER_OBJECT_CONVERSION = YES_AGGRESSIVE;
				CLANG_CXX_LANGUAGE_STANDARD = "gnu++14";
				CLANG_CXX_LIBRARY = "libc++";
				CLANG_ENABLE_MODULES = YES;
				CLANG_ENABLE_OBJC_ARC = YES;
				CLANG_ENABLE_OBJC_WEAK = YES;
				CLANG_WARN_BLOCK_CAPTURE_AUTORELEASING = YES;
				CLANG_WARN_BOOL_CONVERSION = YES;
				CLANG_WARN_COMMA = YES;
				CLANG_WARN_CONSTANT_CONVERSION = YES;
				CLANG_WARN_DEPRECATED_OBJC_IMPLEMENTATIONS = YES;
				CLANG_WARN_DIRECT_OBJC_ISA_USAGE = YES_ERROR;
				CLANG_WARN_DOCUMENTATION_COMMENTS = YES;
				CLANG_WARN_EMPTY_BODY = YES;
				CLANG_WARN_ENUM_CONVERSION = YES;
				CLANG_WARN_INFINITE_RECURSION = YES;
				CLANG_WARN_INT_CONVERSION = YES;
				CLANG_WARN_NON_LITERAL_NULL_CONVERSION = YES;
				CLANG_WARN_OBJC_IMPLICIT_RETAIN_SELF = YES;
				CLANG_WARN_OBJC_LITERAL_CONVERSION = YES;
				CLANG_WARN_OBJC_ROOT_CLASS = YES_ERROR;
				CLANG_WARN_RANGE_LOOP_ANALYSIS = YES;
				CLANG_WARN_STRICT_PROTOTYPES = YES;
				CLANG_WARN_SUSPICIOUS_MOVE = YES;
				CLANG_WARN_UNGUARDED_AVAILABILITY = YES_AGGRESSIVE;
				CLANG_WARN_UNREACHABLE_CODE = YES;
				CLANG_WARN__DUPLICATE_METHOD_MATCH = YES;
				COPY_PHASE_STRIP = NO;
				DEBUG_INFORMATION_FORMAT = "dwarf-with-dsym";
				ENABLE_NS_ASSERTIONS = NO;
				ENABLE_STRICT_OBJC_MSGSEND = YES;
				GCC_C_LANGUAGE_STANDARD = gnu11;
				GCC_NO_COMMON_BLOCKS = YES;
				GCC_WARN_64_TO_32_BIT_CONVERSION = YES;
				GCC_WARN_ABOUT_RETURN_TYPE = YES_ERROR;
				GCC_WARN_UNDECLARED_SELECTOR = YES;
				GCC_WARN_UNINITIALIZED_AUTOS = YES_AGGRESSIVE;
				GCC_WARN_UNUSED_FUNCTION = YES;
				GCC_WARN_UNUSED_VARIABLE = YES;
				IPHONEOS_DEPLOYMENT_TARGET = 13.5;
				MTL_ENABLE_DEBUG_INFO = NO;
				MTL_FAST_MATH = YES;
				SDKROOT = iphoneos;
				VALIDATE_PRODUCT = YES;
			};
			name = Release;
		};
		58A33EAB24BF666200A40188 /* Debug */ = {
			isa = XCBuildConfiguration;
			baseConfigurationReference = B470115D2388638CCC60A1CC /* Pods-Local.debug.xcconfig */;
			buildSettings = {
				ASSETCATALOG_COMPILER_APPICON_NAME = AppIcon;
				CLANG_ENABLE_MODULES = YES;
				CODE_SIGN_STYLE = Automatic;
				DEVELOPMENT_TEAM = LCA26X86Z4;
				INFOPLIST_FILE = Local/Info.plist;
				IPHONEOS_DEPLOYMENT_TARGET = 13.1;
				LD_RUNPATH_SEARCH_PATHS = (
					"$(inherited)",
					"@executable_path/Frameworks",
				);
				PRODUCT_BUNDLE_IDENTIFIER = com.carolinereiser.Local2;
				PRODUCT_NAME = "$(TARGET_NAME)";
				SWIFT_OBJC_BRIDGING_HEADER = "Local/View Controllers/Local-Bridging-Header.h";
				SWIFT_OPTIMIZATION_LEVEL = "-Onone";
				SWIFT_VERSION = 5.0;
				TARGETED_DEVICE_FAMILY = "1,2";
			};
			name = Debug;
		};
		58A33EAC24BF666200A40188 /* Release */ = {
			isa = XCBuildConfiguration;
			baseConfigurationReference = D59003B93150AD0ACBAC6AA0 /* Pods-Local.release.xcconfig */;
			buildSettings = {
				ASSETCATALOG_COMPILER_APPICON_NAME = AppIcon;
				CLANG_ENABLE_MODULES = YES;
				CODE_SIGN_STYLE = Automatic;
				DEVELOPMENT_TEAM = LCA26X86Z4;
				INFOPLIST_FILE = Local/Info.plist;
				IPHONEOS_DEPLOYMENT_TARGET = 13.1;
				LD_RUNPATH_SEARCH_PATHS = (
					"$(inherited)",
					"@executable_path/Frameworks",
				);
				PRODUCT_BUNDLE_IDENTIFIER = com.carolinereiser.Local2;
				PRODUCT_NAME = "$(TARGET_NAME)";
				SWIFT_OBJC_BRIDGING_HEADER = "Local/View Controllers/Local-Bridging-Header.h";
				SWIFT_VERSION = 5.0;
				TARGETED_DEVICE_FAMILY = "1,2";
			};
			name = Release;
		};
		58A33EAE24BF666200A40188 /* Debug */ = {
			isa = XCBuildConfiguration;
			baseConfigurationReference = 8D6D11CC9F43FBB121E47901 /* Pods-LocalTests.debug.xcconfig */;
			buildSettings = {
				BUNDLE_LOADER = "$(TEST_HOST)";
				CODE_SIGN_STYLE = Automatic;
				INFOPLIST_FILE = LocalTests/Info.plist;
				IPHONEOS_DEPLOYMENT_TARGET = 13.5;
				LD_RUNPATH_SEARCH_PATHS = (
					"$(inherited)",
					"@executable_path/Frameworks",
					"@loader_path/Frameworks",
				);
				PRODUCT_BUNDLE_IDENTIFIER = com.carolinereiser.LocalTests;
				PRODUCT_NAME = "$(TARGET_NAME)";
				TARGETED_DEVICE_FAMILY = "1,2";
				TEST_HOST = "$(BUILT_PRODUCTS_DIR)/Local.app/Local";
			};
			name = Debug;
		};
		58A33EAF24BF666200A40188 /* Release */ = {
			isa = XCBuildConfiguration;
			baseConfigurationReference = 7C216EC8C6A03FD22E275F25 /* Pods-LocalTests.release.xcconfig */;
			buildSettings = {
				BUNDLE_LOADER = "$(TEST_HOST)";
				CODE_SIGN_STYLE = Automatic;
				INFOPLIST_FILE = LocalTests/Info.plist;
				IPHONEOS_DEPLOYMENT_TARGET = 13.5;
				LD_RUNPATH_SEARCH_PATHS = (
					"$(inherited)",
					"@executable_path/Frameworks",
					"@loader_path/Frameworks",
				);
				PRODUCT_BUNDLE_IDENTIFIER = com.carolinereiser.LocalTests;
				PRODUCT_NAME = "$(TARGET_NAME)";
				TARGETED_DEVICE_FAMILY = "1,2";
				TEST_HOST = "$(BUILT_PRODUCTS_DIR)/Local.app/Local";
			};
			name = Release;
		};
		58A33EB124BF666200A40188 /* Debug */ = {
			isa = XCBuildConfiguration;
			baseConfigurationReference = ACCF04E2E486F7F75A04206B /* Pods-Local-LocalUITests.debug.xcconfig */;
			buildSettings = {
				CODE_SIGN_STYLE = Automatic;
				INFOPLIST_FILE = LocalUITests/Info.plist;
				LD_RUNPATH_SEARCH_PATHS = (
					"$(inherited)",
					"@executable_path/Frameworks",
					"@loader_path/Frameworks",
				);
				PRODUCT_BUNDLE_IDENTIFIER = com.carolinereiser.LocalUITests;
				PRODUCT_NAME = "$(TARGET_NAME)";
				TARGETED_DEVICE_FAMILY = "1,2";
				TEST_TARGET_NAME = Local;
			};
			name = Debug;
		};
		58A33EB224BF666200A40188 /* Release */ = {
			isa = XCBuildConfiguration;
			baseConfigurationReference = E5C988D4DB5B29FBD3C20374 /* Pods-Local-LocalUITests.release.xcconfig */;
			buildSettings = {
				CODE_SIGN_STYLE = Automatic;
				INFOPLIST_FILE = LocalUITests/Info.plist;
				LD_RUNPATH_SEARCH_PATHS = (
					"$(inherited)",
					"@executable_path/Frameworks",
					"@loader_path/Frameworks",
				);
				PRODUCT_BUNDLE_IDENTIFIER = com.carolinereiser.LocalUITests;
				PRODUCT_NAME = "$(TARGET_NAME)";
				TARGETED_DEVICE_FAMILY = "1,2";
				TEST_TARGET_NAME = Local;
			};
			name = Release;
		};
/* End XCBuildConfiguration section */

/* Begin XCConfigurationList section */
		58A33E7624BF666100A40188 /* Build configuration list for PBXProject "Local" */ = {
			isa = XCConfigurationList;
			buildConfigurations = (
				58A33EA824BF666200A40188 /* Debug */,
				58A33EA924BF666200A40188 /* Release */,
			);
			defaultConfigurationIsVisible = 0;
			defaultConfigurationName = Release;
		};
		58A33EAA24BF666200A40188 /* Build configuration list for PBXNativeTarget "Local" */ = {
			isa = XCConfigurationList;
			buildConfigurations = (
				58A33EAB24BF666200A40188 /* Debug */,
				58A33EAC24BF666200A40188 /* Release */,
			);
			defaultConfigurationIsVisible = 0;
			defaultConfigurationName = Release;
		};
		58A33EAD24BF666200A40188 /* Build configuration list for PBXNativeTarget "LocalTests" */ = {
			isa = XCConfigurationList;
			buildConfigurations = (
				58A33EAE24BF666200A40188 /* Debug */,
				58A33EAF24BF666200A40188 /* Release */,
			);
			defaultConfigurationIsVisible = 0;
			defaultConfigurationName = Release;
		};
		58A33EB024BF666200A40188 /* Build configuration list for PBXNativeTarget "LocalUITests" */ = {
			isa = XCConfigurationList;
			buildConfigurations = (
				58A33EB124BF666200A40188 /* Debug */,
				58A33EB224BF666200A40188 /* Release */,
			);
			defaultConfigurationIsVisible = 0;
			defaultConfigurationName = Release;
		};
/* End XCConfigurationList section */
	};
	rootObject = 58A33E7324BF666100A40188 /* Project object */;
}
